
Microsoft Visual Studio Solution File, Format Version 12.00
# Visual Studio 15
VisualStudioVersion = 15.0.27703.2047
MinimumVisualStudioVersion = 10.0.40219.1
Project("{FAE04EC0-301F-11D3-BF4B-00C04F79EFBC}") = "Kirigiti", "Kirigiti\Kirigiti.csproj", "{8ACD98D3-2C75-4C24-8E35-2925AE6187D5}"
EndProject
Global
	GlobalSection(SolutionConfigurationPlatforms) = preSolution
		Debug|Any CPU = Debug|Any CPU
		Release|Any CPU = Release|Any CPU
	EndGlobalSection
	GlobalSection(ProjectConfigurationPlatforms) = postSolution
		{8ACD98D3-2C75-4C24-8E35-2925AE6187D5}.Debug|Any CPU.ActiveCfg = Debug|Any CPU
		{8ACD98D3-2C75-4C24-8E35-2925AE6187D5}.Debug|Any CPU.Build.0 = Debug|Any CPU
		{8ACD98D3-2C75-4C24-8E35-2925AE6187D5}.Release|Any CPU.ActiveCfg = Release|Any CPU
		{8ACD98D3-2C75-4C24-8E35-2925AE6187D5}.Release|Any CPU.Build.0 = Release|Any CPU
	EndGlobalSection
	GlobalSection(SolutionProperties) = preSolution
		HideSolutionNode = FALSE
	EndGlobalSection
	GlobalSection(ExtensibilityGlobals) = postSolution
		SolutionGuid = {D005941E-C41D-46A7-BD1A-F79B1804D6A5}
	EndGlobalSection
EndGlobal
